
Microsoft Visual Studio Solution File, Format Version 12.00
# Visual Studio 14
VisualStudioVersion = 14.0.25420.1
MinimumVisualStudioVersion = 10.0.40219.1
Project("{FAE04EC0-301F-11D3-BF4B-00C04F79EFBC}") = "SportsStore.WebUI", "SportsStore\SportsStore.WebUI.csproj", "{35E4F2E1-5CD4-475E-A892-CBFFD16266FC}"
EndProject
Project("{FAE04EC0-301F-11D3-BF4B-00C04F79EFBC}") = "SportsStore.Domain", "SportsStore.Domain\SportsStore.Domain.csproj", "{13DB9941-12ED-4260-B750-9360C245DEE7}"
EndProject
Project("{FAE04EC0-301F-11D3-BF4B-00C04F79EFBC}") = "SportsStore.UnitTests", "SportsStore.UnitTests\SportsStore.UnitTests.csproj", "{D313FF5F-142D-433F-ABD3-9DEBBC65F722}"
EndProject
Global
	GlobalSection(SolutionConfigurationPlatforms) = preSolution
		Debug|Any CPU = Debug|Any CPU
		Release|Any CPU = Release|Any CPU
	EndGlobalSection
	GlobalSection(ProjectConfigurationPlatforms) = postSolution
		{35E4F2E1-5CD4-475E-A892-CBFFD16266FC}.Debug|Any CPU.ActiveCfg = Debug|Any CPU
		{35E4F2E1-5CD4-475E-A892-CBFFD16266FC}.Debug|Any CPU.Build.0 = Debug|Any CPU
		{35E4F2E1-5CD4-475E-A892-CBFFD16266FC}.Release|Any CPU.ActiveCfg = Release|Any CPU
		{35E4F2E1-5CD4-475E-A892-CBFFD16266FC}.Release|Any CPU.Build.0 = Release|Any CPU
		{13DB9941-12ED-4260-B750-9360C245DEE7}.Debug|Any CPU.ActiveCfg = Debug|Any CPU
		{13DB9941-12ED-4260-B750-9360C245DEE7}.Debug|Any CPU.Build.0 = Debug|Any CPU
		{13DB9941-12ED-4260-B750-9360C245DEE7}.Release|Any CPU.ActiveCfg = Release|Any CPU
		{13DB9941-12ED-4260-B750-9360C245DEE7}.Release|Any CPU.Build.0 = Release|Any CPU
		{D313FF5F-142D-433F-ABD3-9DEBBC65F722}.Debug|Any CPU.ActiveCfg = Debug|Any CPU
		{D313FF5F-142D-433F-ABD3-9DEBBC65F722}.Debug|Any CPU.Build.0 = Debug|Any CPU
		{D313FF5F-142D-433F-ABD3-9DEBBC65F722}.Release|Any CPU.ActiveCfg = Release|Any CPU
		{D313FF5F-142D-433F-ABD3-9DEBBC65F722}.Release|Any CPU.Build.0 = Release|Any CPU
	EndGlobalSection
	GlobalSection(SolutionProperties) = preSolution
		HideSolutionNode = FALSE
	EndGlobalSection
EndGlobal
